
Microsoft Visual Studio Solution File, Format Version 12.00
# Visual Studio 14
VisualStudioVersion = 14.0.24720.0
MinimumVisualStudioVersion = 10.0.40219.1
Project("{FAE04EC0-301F-11D3-BF4B-00C04F79EFBC}") = "Clock Rado", "Clock Rado\Clock Rado.csproj", "{AE9274B7-B7DD-4C60-BD2E-3D3521E786FA}"
EndProject
Global
	GlobalSection(SolutionConfigurationPlatforms) = preSolution
		Debug|Any CPU = Debug|Any CPU
		Release|Any CPU = Release|Any CPU
	EndGlobalSection
	GlobalSection(ProjectConfigurationPlatforms) = postSolution
		{AE9274B7-B7DD-4C60-BD2E-3D3521E786FA}.Debug|Any CPU.ActiveCfg = Debug|Any CPU
		{AE9274B7-B7DD-4C60-BD2E-3D3521E786FA}.Debug|Any CPU.Build.0 = Debug|Any CPU
		{AE9274B7-B7DD-4C60-BD2E-3D3521E786FA}.Release|Any CPU.ActiveCfg = Release|Any CPU
		{AE9274B7-B7DD-4C60-BD2E-3D3521E786FA}.Release|Any CPU.Build.0 = Release|Any CPU
	EndGlobalSection
	GlobalSection(SolutionProperties) = preSolution
		HideSolutionNode = FALSE
	EndGlobalSection
EndGlobal
